
Microsoft Visual Studio Solution File, Format Version 12.00
# Visual Studio Version 17
VisualStudioVersion = 17.4.33213.308
MinimumVisualStudioVersion = 10.0.40219.1
Project("{9A19103F-16F7-4668-BE54-9A1E7A4F7556}") = "LibEmperor", "LibEmperor\LibEmperor.csproj", "{FC6E31DA-A076-4AA9-8838-6F67D54CDD88}"
EndProject
Project("{9A19103F-16F7-4668-BE54-9A1E7A4F7556}") = "CorrinoEngine", "Engine\CorrinoEngine.csproj", "{FCD446DB-53EB-47A4-BA53-696DB30A7AB3}"
EndProject
Global
	GlobalSection(SolutionConfigurationPlatforms) = preSolution
		Debug|Any CPU = Debug|Any CPU
		Release|Any CPU = Release|Any CPU
	EndGlobalSection
	GlobalSection(ProjectConfigurationPlatforms) = postSolution
		{FC6E31DA-A076-4AA9-8838-6F67D54CDD88}.Debug|Any CPU.ActiveCfg = Debug|Any CPU
		{FC6E31DA-A076-4AA9-8838-6F67D54CDD88}.Debug|Any CPU.Build.0 = Debug|Any CPU
		{FC6E31DA-A076-4AA9-8838-6F67D54CDD88}.Release|Any CPU.ActiveCfg = Release|Any CPU
		{FC6E31DA-A076-4AA9-8838-6F67D54CDD88}.Release|Any CPU.Build.0 = Release|Any CPU
		{FCD446DB-53EB-47A4-BA53-696DB30A7AB3}.Debug|Any CPU.ActiveCfg = Debug|Any CPU
		{FCD446DB-53EB-47A4-BA53-696DB30A7AB3}.Debug|Any CPU.Build.0 = Debug|Any CPU
		{FCD446DB-53EB-47A4-BA53-696DB30A7AB3}.Release|Any CPU.ActiveCfg = Release|Any CPU
		{FCD446DB-53EB-47A4-BA53-696DB30A7AB3}.Release|Any CPU.Build.0 = Release|Any CPU
	EndGlobalSection
	GlobalSection(SolutionProperties) = preSolution
		HideSolutionNode = FALSE
	EndGlobalSection
	GlobalSection(ExtensibilityGlobals) = postSolution
		SolutionGuid = {255B5160-1B28-4D27-8135-74FBEA3297E9}
	EndGlobalSection
EndGlobal
